
Microsoft Visual Studio Solution File, Format Version 12.00
# Visual Studio 15
VisualStudioVersion = 15.0.27428.2005
MinimumVisualStudioVersion = 10.0.40219.1
Project("{FAE04EC0-301F-11D3-BF4B-00C04F79EFBC}") = "RemoteUpkeep", "RemoteUpkeep\RemoteUpkeep.csproj", "{9220F4B5-DC60-4C60-85C4-D46179A281A5}"
EndProject
Global
	GlobalSection(SolutionConfigurationPlatforms) = preSolution
		Debug|Any CPU = Debug|Any CPU
		Release|Any CPU = Release|Any CPU
	EndGlobalSection
	GlobalSection(ProjectConfigurationPlatforms) = postSolution
		{9220F4B5-DC60-4C60-85C4-D46179A281A5}.Debug|Any CPU.ActiveCfg = Debug|Any CPU
		{9220F4B5-DC60-4C60-85C4-D46179A281A5}.Debug|Any CPU.Build.0 = Debug|Any CPU
		{9220F4B5-DC60-4C60-85C4-D46179A281A5}.Release|Any CPU.ActiveCfg = Release|Any CPU
		{9220F4B5-DC60-4C60-85C4-D46179A281A5}.Release|Any CPU.Build.0 = Release|Any CPU
	EndGlobalSection
	GlobalSection(SolutionProperties) = preSolution
		HideSolutionNode = FALSE
	EndGlobalSection
	GlobalSection(ExtensibilityGlobals) = postSolution
		SolutionGuid = {E5A2D592-BA4E-4AE4-80A3-5BAEF68532CB}
	EndGlobalSection
EndGlobal
